// !$*UTF8*$!
{
	archiveVersion = 1;
	classes = {
	};
	objectVersion = 56;
	objects = {

/* Begin PBXBuildFile section */
		AA0100012C90000100000001 /* SnapLabApp.swift in Sources */ = {isa = PBXBuildFile; fileRef = AA0200012C90000100000001 /* SnapLabApp.swift */; };
		AA0100022C90000100000001 /* ContentView.swift in Sources */ = {isa = PBXBuildFile; fileRef = AA0200022C90000100000001 /* ContentView.swift */; };
		AA0100032C90000100000001 /* WatermarkTemplate.swift in Sources */ = {isa = PBXBuildFile; fileRef = AA0200032C90000100000001 /* WatermarkTemplate.swift */; };
		AA0100042C90000100000001 /* VerificationRecord.swift in Sources */ = {isa = PBXBuildFile; fileRef = AA0200042C90000100000001 /* VerificationRecord.swift */; };
		AA0100052C90000100000001 /* CapturedMedia.swift in Sources */ = {isa = PBXBuildFile; fileRef = AA0200052C90000100000001 /* CapturedMedia.swift */; };
		AA0100062C90000100000001 /* LocationWeatherManager.swift in Sources */ = {isa = PBXBuildFile; fileRef = AA0200062C90000100000001 /* LocationWeatherManager.swift */; };
		AA0100072C90000100000001 /* AntiCounterfeitingManager.swift in Sources */ = {isa = PBXBuildFile; fileRef = AA0200072C90000100000001 /* AntiCounterfeitingManager.swift */; };
		AA0100082C90000100000001 /* WatermarkRenderer.swift in Sources */ = {isa = PBXBuildFile; fileRef = AA0200082C90000100000001 /* WatermarkRenderer.swift */; };
		AA0100092C90000100000001 /* CameraManager.swift in Sources */ = {isa = PBXBuildFile; fileRef = AA0200092C90000100000001 /* CameraManager.swift */; };
		AA01000A2C90000100000001 /* PhotoLibraryManager.swift in Sources */ = {isa = PBXBuildFile; fileRef = AA02000A2C90000100000001 /* PhotoLibraryManager.swift */; };
		AA01000B2C90000100000001 /* Color+Extensions.swift in Sources */ = {isa = PBXBuildFile; fileRef = AA02000B2C90000100000001 /* Color+Extensions.swift */; };
		AA01000C2C90000100000001 /* Image+Extensions.swift in Sources */ = {isa = PBXBuildFile; fileRef = AA02000C2C90000100000001 /* Image+Extensions.swift */; };
		AA01000D2C90000100000001 /* CameraView.swift in Sources */ = {isa = PBXBuildFile; fileRef = AA02000D2C90000100000001 /* CameraView.swift */; };
		AA01000E2C90000100000001 /* CameraPreviewView.swift in Sources */ = {isa = PBXBuildFile; fileRef = AA02000E2C90000100000001 /* CameraPreviewView.swift */; };
		AA01000F2C90000100000001 /* WatermarkOverlayView.swift in Sources */ = {isa = PBXBuildFile; fileRef = AA02000F2C90000100000001 /* WatermarkOverlayView.swift */; };
		AA0100102C90000100000001 /* CameraControlsView.swift in Sources */ = {isa = PBXBuildFile; fileRef = AA0200102C90000100000001 /* CameraControlsView.swift */; };
		AA0100112C90000100000001 /* TemplateSelectorView.swift in Sources */ = {isa = PBXBuildFile; fileRef = AA0200112C90000100000001 /* TemplateSelectorView.swift */; };
		AA0100122C90000100000001 /* TemplateEditorSheet.swift in Sources */ = {isa = PBXBuildFile; fileRef = AA0200122C90000100000001 /* TemplateEditorSheet.swift */; };
		AA0100132C90000100000001 /* AntiCounterfeitQueryView.swift in Sources */ = {isa = PBXBuildFile; fileRef = AA0200132C90000100000001 /* AntiCounterfeitQueryView.swift */; };
		AA0100142C90000100000001 /* GalleryView.swift in Sources */ = {isa = PBXBuildFile; fileRef = AA0200142C90000100000001 /* GalleryView.swift */; };
		AA0100152C90000100000001 /* MediaDetailView.swift in Sources */ = {isa = PBXBuildFile; fileRef = AA0200152C90000100000001 /* MediaDetailView.swift */; };
		AA0100162C90000100000001 /* AlbumWatermarkEditorView.swift in Sources */ = {isa = PBXBuildFile; fileRef = AA0200162C90000100000001 /* AlbumWatermarkEditorView.swift */; };
		AA0100172C90000100000001 /* SettingsView.swift in Sources */ = {isa = PBXBuildFile; fileRef = AA0200172C90000100000001 /* SettingsView.swift */; };
		AA0100182C90000100000001 /* Assets.xcassets in Resources */ = {isa = PBXBuildFile; fileRef = AA0200182C90000100000001 /* Assets.xcassets */; };
		AA01001A2C90000100000001 /* LocalizationManager.swift in Sources */ = {isa = PBXBuildFile; fileRef = AA02001A2C90000100000001 /* LocalizationManager.swift */; };
/* End PBXBuildFile section */

/* Begin PBXFileReference section */
		AA0000012C90000100000001 /* SnapLab.app */ = {isa = PBXFileReference; explicitFileType = wrapper.application; includeInIndex = 0; path = SnapLab.app; sourceTree = BUILT_PRODUCTS_DIR; };
		AA0200012C90000100000001 /* SnapLabApp.swift */ = {isa = PBXFileReference; lastKnownFileType = sourcecode.swift; path = SnapLabApp.swift; sourceTree = "<group>"; };
		AA0200022C90000100000001 /* ContentView.swift */ = {isa = PBXFileReference; lastKnownFileType = sourcecode.swift; path = ContentView.swift; sourceTree = "<group>"; };
		AA0200032C90000100000001 /* WatermarkTemplate.swift */ = {isa = PBXFileReference; lastKnownFileType = sourcecode.swift; path = WatermarkTemplate.swift; sourceTree = "<group>"; };
		AA0200042C90000100000001 /* VerificationRecord.swift */ = {isa = PBXFileReference; lastKnownFileType = sourcecode.swift; path = VerificationRecord.swift; sourceTree = "<group>"; };
		AA0200052C90000100000001 /* CapturedMedia.swift */ = {isa = PBXFileReference; lastKnownFileType = sourcecode.swift; path = CapturedMedia.swift; sourceTree = "<group>"; };
		AA0200062C90000100000001 /* LocationWeatherManager.swift */ = {isa = PBXFileReference; lastKnownFileType = sourcecode.swift; path = LocationWeatherManager.swift; sourceTree = "<group>"; };
		AA0200072C90000100000001 /* AntiCounterfeitingManager.swift */ = {isa = PBXFileReference; lastKnownFileType = sourcecode.swift; path = AntiCounterfeitingManager.swift; sourceTree = "<group>"; };
		AA0200082C90000100000001 /* WatermarkRenderer.swift */ = {isa = PBXFileReference; lastKnownFileType = sourcecode.swift; path = WatermarkRenderer.swift; sourceTree = "<group>"; };
		AA0200092C90000100000001 /* CameraManager.swift */ = {isa = PBXFileReference; lastKnownFileType = sourcecode.swift; path = CameraManager.swift; sourceTree = "<group>"; };
		AA02000A2C90000100000001 /* PhotoLibraryManager.swift */ = {isa = PBXFileReference; lastKnownFileType = sourcecode.swift; path = PhotoLibraryManager.swift; sourceTree = "<group>"; };
		AA02000B2C90000100000001 /* Color+Extensions.swift */ = {isa = PBXFileReference; lastKnownFileType = sourcecode.swift; path = "Color+Extensions.swift"; sourceTree = "<group>"; };
		AA02000C2C90000100000001 /* Image+Extensions.swift */ = {isa = PBXFileReference; lastKnownFileType = sourcecode.swift; path = "Image+Extensions.swift"; sourceTree = "<group>"; };
		AA02000D2C90000100000001 /* CameraView.swift */ = {isa = PBXFileReference; lastKnownFileType = sourcecode.swift; path = CameraView.swift; sourceTree = "<group>"; };
		AA02000E2C90000100000001 /* CameraPreviewView.swift */ = {isa = PBXFileReference; lastKnownFileType = sourcecode.swift; path = CameraPreviewView.swift; sourceTree = "<group>"; };
		AA02000F2C90000100000001 /* WatermarkOverlayView.swift */ = {isa = PBXFileReference; lastKnownFileType = sourcecode.swift; path = WatermarkOverlayView.swift; sourceTree = "<group>"; };
		AA0200102C90000100000001 /* CameraControlsView.swift */ = {isa = PBXFileReference; lastKnownFileType = sourcecode.swift; path = CameraControlsView.swift; sourceTree = "<group>"; };
		AA0200112C90000100000001 /* TemplateSelectorView.swift */ = {isa = PBXFileReference; lastKnownFileType = sourcecode.swift; path = TemplateSelectorView.swift; sourceTree = "<group>"; };
		AA0200122C90000100000001 /* TemplateEditorSheet.swift */ = {isa = PBXFileReference; lastKnownFileType = sourcecode.swift; path = TemplateEditorSheet.swift; sourceTree = "<group>"; };
		AA0200132C90000100000001 /* AntiCounterfeitQueryView.swift */ = {isa = PBXFileReference; lastKnownFileType = sourcecode.swift; path = AntiCounterfeitQueryView.swift; sourceTree = "<group>"; };
		AA0200142C90000100000001 /* GalleryView.swift */ = {isa = PBXFileReference; lastKnownFileType = sourcecode.swift; path = GalleryView.swift; sourceTree = "<group>"; };
		AA0200152C90000100000001 /* MediaDetailView.swift */ = {isa = PBXFileReference; lastKnownFileType = sourcecode.swift; path = MediaDetailView.swift; sourceTree = "<group>"; };
		AA0200162C90000100000001 /* AlbumWatermarkEditorView.swift */ = {isa = PBXFileReference; lastKnownFileType = sourcecode.swift; path = AlbumWatermarkEditorView.swift; sourceTree = "<group>"; };
		AA0200172C90000100000001 /* SettingsView.swift */ = {isa = PBXFileReference; lastKnownFileType = sourcecode.swift; path = SettingsView.swift; sourceTree = "<group>"; };
		AA0200182C90000100000001 /* Assets.xcassets */ = {isa = PBXFileReference; lastKnownFileType = folder.assetcatalog; path = Assets.xcassets; sourceTree = "<group>"; };
		AA0200192C90000100000001 /* Info.plist */ = {isa = PBXFileReference; lastKnownFileType = text.plist.xml; path = Info.plist; sourceTree = "<group>"; };
		AA02001A2C90000100000001 /* LocalizationManager.swift */ = {isa = PBXFileReference; lastKnownFileType = sourcecode.swift; path = LocalizationManager.swift; sourceTree = "<group>"; };
/* End PBXFileReference section */

/* Begin PBXFrameworksBuildPhase section */
		AA0000022C90000100000001 /* Frameworks */ = {
			isa = PBXFrameworksBuildPhase;
			buildActionMask = 2147483647;
			files = (
			);
			runOnlyForDeploymentPostprocessing = 0;
		};
/* End PBXFrameworksBuildPhase section */

/* Begin PBXGroup section */
		AA0000032C90000100000001 = {
			isa = PBXGroup;
			children = (
				AA0000042C90000100000001 /* SnapLab */,
				AA0000052C90000100000001 /* Products */,
			);
			sourceTree = "<group>";
		};
		AA0000042C90000100000001 /* SnapLab */ = {
			isa = PBXGroup;
			children = (
				AA0000062C90000100000001 /* App */,
				AA0000072C90000100000001 /* Models */,
				AA0000082C90000100000001 /* Services */,
				AA0000092C90000100000001 /* Views */,
				AA00000A2C90000100000001 /* Utilities */,
				AA0200182C90000100000001 /* Assets.xcassets */,
			);
			path = SnapLab;
			sourceTree = "<group>";
		};
		AA0000052C90000100000001 /* Products */ = {
			isa = PBXGroup;
			children = (
				AA0000012C90000100000001 /* SnapLab.app */,
			);
			name = Products;
			sourceTree = "<group>";
		};
		AA0000062C90000100000001 /* App */ = {
			isa = PBXGroup;
			children = (
				AA0200012C90000100000001 /* SnapLabApp.swift */,
				AA0200022C90000100000001 /* ContentView.swift */,
				AA0200192C90000100000001 /* Info.plist */,
			);
			path = App;
			sourceTree = "<group>";
		};
		AA0000072C90000100000001 /* Models */ = {
			isa = PBXGroup;
			children = (
				AA0200032C90000100000001 /* WatermarkTemplate.swift */,
				AA0200042C90000100000001 /* VerificationRecord.swift */,
				AA0200052C90000100000001 /* CapturedMedia.swift */,
			);
			path = Models;
			sourceTree = "<group>";
		};
		AA0000082C90000100000001 /* Services */ = {
			isa = PBXGroup;
			children = (
				AA0200062C90000100000001 /* LocationWeatherManager.swift */,
				AA0200072C90000100000001 /* AntiCounterfeitingManager.swift */,
				AA0200082C90000100000001 /* WatermarkRenderer.swift */,
				AA0200092C90000100000001 /* CameraManager.swift */,
				AA02000A2C90000100000001 /* PhotoLibraryManager.swift */,
				AA02001A2C90000100000001 /* LocalizationManager.swift */,
			);
			path = Services;
			sourceTree = "<group>";
		};
		AA0000092C90000100000001 /* Views */ = {
			isa = PBXGroup;
			children = (
				AA00000B2C90000100000001 /* Camera */,
				AA00000C2C90000100000001 /* Templates */,
				AA00000D2C90000100000001 /* AntiCounterfeit */,
				AA00000E2C90000100000001 /* Gallery */,
				AA00000F2C90000100000001 /* Settings */,
			);
			path = Views;
			sourceTree = "<group>";
		};
		AA00000A2C90000100000001 /* Utilities */ = {
			isa = PBXGroup;
			children = (
				AA02000B2C90000100000001 /* Color+Extensions.swift */,
				AA02000C2C90000100000001 /* Image+Extensions.swift */,
			);
			path = Utilities;
			sourceTree = "<group>";
		};
		AA00000B2C90000100000001 /* Camera */ = {
			isa = PBXGroup;
			children = (
				AA02000D2C90000100000001 /* CameraView.swift */,
				AA02000E2C90000100000001 /* CameraPreviewView.swift */,
				AA02000F2C90000100000001 /* WatermarkOverlayView.swift */,
				AA0200102C90000100000001 /* CameraControlsView.swift */,
			);
			path = Camera;
			sourceTree = "<group>";
		};
		AA00000C2C90000100000001 /* Templates */ = {
			isa = PBXGroup;
			children = (
				AA0200112C90000100000001 /* TemplateSelectorView.swift */,
				AA0200122C90000100000001 /* TemplateEditorSheet.swift */,
			);
			path = Templates;
			sourceTree = "<group>";
		};
		AA00000D2C90000100000001 /* AntiCounterfeit */ = {
			isa = PBXGroup;
			children = (
				AA0200132C90000100000001 /* AntiCounterfeitQueryView.swift */,
			);
			path = AntiCounterfeit;
			sourceTree = "<group>";
		};
		AA00000E2C90000100000001 /* Gallery */ = {
			isa = PBXGroup;
			children = (
				AA0200142C90000100000001 /* GalleryView.swift */,
				AA0200152C90000100000001 /* MediaDetailView.swift */,
				AA0200162C90000100000001 /* AlbumWatermarkEditorView.swift */,
			);
			path = Gallery;
			sourceTree = "<group>";
		};
		AA00000F2C90000100000001 /* Settings */ = {
			isa = PBXGroup;
			children = (
				AA0200172C90000100000001 /* SettingsView.swift */,
			);
			path = Settings;
			sourceTree = "<group>";
		};
/* End PBXGroup section */

/* Begin PBXNativeTarget section */
		AA0000102C90000100000001 /* SnapLab */ = {
			isa = PBXNativeTarget;
			buildConfigurationList = AA0000142C90000100000001 /* Build configuration list for PBXNativeTarget "SnapLab" */;
			buildPhases = (
				AA0000112C90000100000001 /* Sources */,
				AA0000022C90000100000001 /* Frameworks */,
				AA0000122C90000100000001 /* Resources */,
			);
			buildRules = (
			);
			dependencies = (
			);
			name = SnapLab;
			productName = SnapLab;
			productReference = AA0000012C90000100000001 /* SnapLab.app */;
			productType = "com.apple.product-type.application";
		};
/* End PBXNativeTarget section */

/* Begin PBXProject section */
		AA0000132C90000100000001 /* Project object */ = {
			isa = PBXProject;
			attributes = {
				BuildIndependentTargetsInParallel = 1;
				LastSwiftUpdateCheck = 1500;
				LastUpgradeCheck = 1500;
				TargetAttributes = {
					AA0000102C90000100000001 = {
						CreatedOnToolsVersion = 15.0;
					};
				};
			};
			buildConfigurationList = AA0000152C90000100000001 /* Build configuration list for PBXProject "SnapLab" */;
			compatibilityVersion = "Xcode 14.0";
			developmentRegion = en;
			hasScannedForEncodings = 0;
			knownRegions = (
				en,
				Base,
			);
			mainGroup = AA0000032C90000100000001;
			productRefGroup = AA0000052C90000100000001 /* Products */;
			projectDirPath = "";
			projectRoot = "";
			targets = (
				AA0000102C90000100000001 /* SnapLab */,
			);
		};
/* End PBXProject section */

/* Begin PBXResourcesBuildPhase section */
		AA0000122C90000100000001 /* Resources */ = {
			isa = PBXResourcesBuildPhase;
			buildActionMask = 2147483647;
			files = (
				AA0100182C90000100000001 /* Assets.xcassets in Resources */,
			);
			runOnlyForDeploymentPostprocessing = 0;
		};
/* End PBXResourcesBuildPhase section */

/* Begin PBXSourcesBuildPhase section */
		AA0000112C90000100000001 /* Sources */ = {
			isa = PBXSourcesBuildPhase;
			buildActionMask = 2147483647;
			files = (
				AA0100012C90000100000001 /* SnapLabApp.swift in Sources */,
				AA0100022C90000100000001 /* ContentView.swift in Sources */,
				AA0100032C90000100000001 /* WatermarkTemplate.swift in Sources */,
				AA0100042C90000100000001 /* VerificationRecord.swift in Sources */,
				AA0100052C90000100000001 /* CapturedMedia.swift in Sources */,
				AA0100062C90000100000001 /* LocationWeatherManager.swift in Sources */,
				AA0100072C90000100000001 /* AntiCounterfeitingManager.swift in Sources */,
				AA0100082C90000100000001 /* WatermarkRenderer.swift in Sources */,
				AA0100092C90000100000001 /* CameraManager.swift in Sources */,
				AA01000A2C90000100000001 /* PhotoLibraryManager.swift in Sources */,
				AA01000B2C90000100000001 /* Color+Extensions.swift in Sources */,
				AA01000C2C90000100000001 /* Image+Extensions.swift in Sources */,
				AA01000D2C90000100000001 /* CameraView.swift in Sources */,
				AA01000E2C90000100000001 /* CameraPreviewView.swift in Sources */,
				AA01000F2C90000100000001 /* WatermarkOverlayView.swift in Sources */,
				AA0100102C90000100000001 /* CameraControlsView.swift in Sources */,
				AA0100112C90000100000001 /* TemplateSelectorView.swift in Sources */,
				AA0100122C90000100000001 /* TemplateEditorSheet.swift in Sources */,
				AA0100132C90000100000001 /* AntiCounterfeitQueryView.swift in Sources */,
				AA0100142C90000100000001 /* GalleryView.swift in Sources */,
				AA0100152C90000100000001 /* MediaDetailView.swift in Sources */,
				AA0100162C90000100000001 /* AlbumWatermarkEditorView.swift in Sources */,
				AA0100172C90000100000001 /* SettingsView.swift in Sources */,
				AA01001A2C90000100000001 /* LocalizationManager.swift in Sources */,
			);
			runOnlyForDeploymentPostprocessing = 0;
		};
/* End PBXSourcesBuildPhase section */

/* Begin XCBuildConfiguration section */
		AA0000162C90000100000001 /* Debug */ = {
			isa = XCBuildConfiguration;
			buildSettings = {
				ALWAYS_SEARCH_USER_PATHS = NO;
				CLANG_ANALYZER_NONNULL = YES;
				CLANG_ANALYZER_NUMBER_OBJECT_CONVERSION = YES_AGGRESSIVE;
				CLANG_CXX_LANGUAGE_STANDARD = "gnu++20";
				CLANG_ENABLE_MODULES = YES;
				CLANG_ENABLE_OBJC_ARC = YES;
				CLANG_ENABLE_OBJC_WEAK = YES;
				COPY_PHASE_STRIP = NO;
				DEBUG_INFORMATION_FORMAT = dwarf;
				ENABLE_STRICT_OBJC_MSGSEND = YES;
				ENABLE_TESTABILITY = YES;
				GCC_C_LANGUAGE_STANDARD = gnu11;
				GCC_DYNAMIC_NO_PIC = NO;
				GCC_NO_COMMON_BLOCKS = YES;
				GCC_OPTIMIZATION_LEVEL = 0;
				GCC_PREPROCESSOR_DEFINITIONS = (
					"DEBUG=1",
					"$(inherited)",
				);
				GCC_WARN_64_TO_32_BIT_CONVERSION = YES;
				GCC_WARN_ABOUT_RETURN_TYPE = YES_ERROR;
				GCC_WARN_UNDEFINED_MACROS = YES;
				GCC_WARN_UNINITIALIZED_AUTOS = YES_AGGRESSIVE;
				GCC_WARN_UNUSED_FUNCTION = YES;
				GCC_WARN_UNUSED_VARIABLE = YES;
				MTL_ENABLE_DEBUG_INFO = INCLUDE_SOURCE;
				MTL_FAST_MATH = YES;
				ONLY_ACTIVE_ARCH = YES;
				SWIFT_ACTIVE_COMPILATION_CONDITIONS = DEBUG;
				SWIFT_OPTIMIZATION_LEVEL = "-Onone";
			};
			name = Debug;
		};
		AA0000172C90000100000001 /* Release */ = {
			isa = XCBuildConfiguration;
			buildSettings = {
				ALWAYS_SEARCH_USER_PATHS = NO;
				CLANG_ANALYZER_NONNULL = YES;
				CLANG_ANALYZER_NUMBER_OBJECT_CONVERSION = YES_AGGRESSIVE;
				CLANG_CXX_LANGUAGE_STANDARD = "gnu++20";
				CLANG_ENABLE_MODULES = YES;
				CLANG_ENABLE_OBJC_ARC = YES;
				CLANG_ENABLE_OBJC_WEAK = YES;
				COPY_PHASE_STRIP = NO;
				DEBUG_INFORMATION_FORMAT = "dwarf-with-dsym";
				ENABLE_NS_ASSERTIONS = NO;
				ENABLE_STRICT_OBJC_MSGSEND = YES;
				GCC_C_LANGUAGE_STANDARD = gnu11;
				GCC_NO_COMMON_BLOCKS = YES;
				GCC_WARN_64_TO_32_BIT_CONVERSION = YES;
				GCC_WARN_ABOUT_RETURN_TYPE = YES_ERROR;
				GCC_WARN_UNDEFINED_MACROS = YES;
				GCC_WARN_UNINITIALIZED_AUTOS = YES_AGGRESSIVE;
				GCC_WARN_UNUSED_FUNCTION = YES;
				GCC_WARN_UNUSED_VARIABLE = YES;
				MTL_ENABLE_DEBUG_INFO = NO;
				MTL_FAST_MATH = YES;
				SWIFT_COMPILATION_MODE = "wholemodule";
				SWIFT_OPTIMIZATION_LEVEL = "-O";
				VALIDATE_PRODUCT = YES;
			};
			name = Release;
		};
		AA0000182C90000100000001 /* Debug */ = {
			isa = XCBuildConfiguration;
			buildSettings = {
				ASSETCATALOG_COMPILER_APPICON_NAME = AppIcon;
				ASSETCATALOG_COMPILER_GLOBAL_ACCENT_COLOR_NAME = AccentColor;
				CODE_SIGN_STYLE = Automatic;
				CURRENT_PROJECT_VERSION = 6751682117;
				DEVELOPMENT_TEAM = "";
				ENABLE_PREVIEWS = YES;
				GENERATE_INFOPLIST_FILE = NO;
				INFOPLIST_FILE = SnapLab/App/Info.plist;
				INFOPLIST_KEY_CFBundleDisplayName = SnapLab;
				IPHONEOS_DEPLOYMENT_TARGET = 16.0;
				LD_RUNPATH_SEARCH_PATHS = (
					"$(inherited)",
					"@executable_path/Frameworks",
				);
				MARKETING_VERSION = 2.4.0;
				PRODUCT_BUNDLE_IDENTIFIER = com.snaplab.camerafilter;
				PRODUCT_NAME = "$(TARGET_NAME)";
				SUPPORTS_MACCATALYST = YES;
				SUPPORTS_MAC_DESIGNED_FOR_IPHONE_IPAD = YES;
				SWIFT_EMIT_LOC_STRINGS = YES;
				SWIFT_VERSION = 5.0;
				TARGETED_DEVICE_FAMILY = "1,2,6";
			};
			name = Debug;
		};
		AA0000192C90000100000001 /* Release */ = {
			isa = XCBuildConfiguration;
			buildSettings = {
				ASSETCATALOG_COMPILER_APPICON_NAME = AppIcon;
				ASSETCATALOG_COMPILER_GLOBAL_ACCENT_COLOR_NAME = AccentColor;
				CODE_SIGN_STYLE = Automatic;
				CURRENT_PROJECT_VERSION = 6751682117;
				DEVELOPMENT_TEAM = "";
				ENABLE_PREVIEWS = YES;
				GENERATE_INFOPLIST_FILE = NO;
				INFOPLIST_FILE = SnapLab/App/Info.plist;
				INFOPLIST_KEY_CFBundleDisplayName = SnapLab;
				IPHONEOS_DEPLOYMENT_TARGET = 16.0;
				LD_RUNPATH_SEARCH_PATHS = (
					"$(inherited)",
					"@executable_path/Frameworks",
				);
				MARKETING_VERSION = 2.4.0;
				PRODUCT_BUNDLE_IDENTIFIER = com.snaplab.camerafilter;
				PRODUCT_NAME = "$(TARGET_NAME)";
				SUPPORTS_MACCATALYST = YES;
				SUPPORTS_MAC_DESIGNED_FOR_IPHONE_IPAD = YES;
				SWIFT_EMIT_LOC_STRINGS = YES;
				SWIFT_VERSION = 5.0;
				TARGETED_DEVICE_FAMILY = "1,2,6";
			};
			name = Release;
		};
/* End XCBuildConfiguration section */

/* Begin XCConfigurationList section */
		AA0000142C90000100000001 /* Build configuration list for PBXNativeTarget "SnapLab" */ = {
			isa = XCConfigurationList;
			buildConfigurations = (
				AA0000182C90000100000001 /* Debug */,
				AA0000192C90000100000001 /* Release */,
			);
			defaultConfigurationIsVisible = 0;
			defaultConfigurationName = Release;
		};
		AA0000152C90000100000001 /* Build configuration list for PBXProject "SnapLab" */ = {
			isa = XCConfigurationList;
			buildConfigurations = (
				AA0000162C90000100000001 /* Debug */,
				AA0000172C90000100000001 /* Release */,
			);
			defaultConfigurationIsVisible = 0;
			defaultConfigurationName = Release;
		};
/* End XCConfigurationList section */
	};
	rootObject = AA0000132C90000100000001 /* Project object */;
}
